{
  "name": "w3-format-w3i-js",
  "version": "1.0.0",
  "lockfileVersion": 2,
  "requires": true,
  "packages": {
    "": {
      "name": "w3-format-w3i-js",
      "version": "1.0.0",
      "license": "ISC",
      "dependencies": {
        "kaitai-struct": "0.10.0"
      },
      "devDependencies": {
        "sh": "0.0.3",
        "wget-improved-2": "3.3.0"
      }
    },
    "generated-sources/@types/kaitai-struct": {
      "extraneous": true
    },
    "node_modules/kaitai-struct": {
      "version": "0.10.0",
      "resolved": "https://registry.npmjs.org/kaitai-struct/-/kaitai-struct-0.10.0.tgz",
      "integrity": "sha512-81oxVi/OY+LrzgrONX7ciD1wtvq24nb2M9iYixRiQG+1hrDrDRqFVWuQzF1fUexh3Sg/ol6eMAz1MOVYFouzUg=="
    },
    "node_modules/minimist": {
      "version": "1.2.6",
      "resolved": "https://registry.npmjs.org/minimist/-/minimist-1.2.6.tgz",
      "integrity": "sha512-Jsjnk4bw3YJqYzbdyBiNsPWHPfO++UGG749Cxs6peCu5Xg4nrena6OVxOYxrQTqww0Jmwt+Ref8rggumkTLz9Q==",
      "dev": true
    },
    "node_modules/sh": {
      "version": "0.0.3",
      "resolved": "https://registry.npmjs.org/sh/-/sh-0.0.3.tgz",
      "integrity": "sha512-y/YjMDTNbwOMIAbq93eE/fbIn+6TlaiYtE8/J+wLQOSHa2bHFdpaAQ0LuXzWjYUO96F++sNHub10ykCti3YMYg==",
      "dev": true,
      "engines": {
        "node": ">=0.10.25"
      }
    },
    "node_modules/tunnel": {
      "version": "0.0.6",
      "resolved": "https://registry.npmjs.org/tunnel/-/tunnel-0.0.6.tgz",
      "integrity": "sha512-1h/Lnq9yajKY2PEbBadPXj3VxsDDu844OnaAo52UVmIzIvwwtBPIuNvkjuzBlTWpfJyUbG3ez0KSBibQkj4ojg==",
      "dev": true,
      "engines": {
        "node": ">=0.6.11 <=0.7.0 || >=0.7.3"
      }
    },
    "node_modules/wget-improved-2": {
      "version": "3.3.0",
      "resolved": "https://registry.npmjs.org/wget-improved-2/-/wget-improved-2-3.3.0.tgz",
      "integrity": "sha512-NSPde/8mUqgmznPhO7oB5gS8IVUlR7GOlY857IaAf3PkkHbx/6FwZxUhW+GRP1GQbZDnCMF5fPieWXFng8Z43A==",
      "dev": true,
      "dependencies": {
        "minimist": "1.2.6",
        "tunnel": "0.0.6"
      },
      "bin": {
        "nwget": "bin/nwget"
      },
      "engines": {
        "node": ">= 0.6.18"
      }
    }
  },
  "dependencies": {
    "kaitai-struct": {
      "version": "0.10.0",
      "resolved": "https://registry.npmjs.org/kaitai-struct/-/kaitai-struct-0.10.0.tgz",
      "integrity": "sha512-81oxVi/OY+LrzgrONX7ciD1wtvq24nb2M9iYixRiQG+1hrDrDRqFVWuQzF1fUexh3Sg/ol6eMAz1MOVYFouzUg=="
    },
    "minimist": {
      "version": "1.2.6",
      "resolved": "https://registry.npmjs.org/minimist/-/minimist-1.2.6.tgz",
      "integrity": "sha512-Jsjnk4bw3YJqYzbdyBiNsPWHPfO++UGG749Cxs6peCu5Xg4nrena6OVxOYxrQTqww0Jmwt+Ref8rggumkTLz9Q==",
      "dev": true
    },
    "sh": {
      "version": "0.0.3",
      "resolved": "https://registry.npmjs.org/sh/-/sh-0.0.3.tgz",
      "integrity": "sha512-y/YjMDTNbwOMIAbq93eE/fbIn+6TlaiYtE8/J+wLQOSHa2bHFdpaAQ0LuXzWjYUO96F++sNHub10ykCti3YMYg==",
      "dev": true
    },
    "tunnel": {
      "version": "0.0.6",
      "resolved": "https://registry.npmjs.org/tunnel/-/tunnel-0.0.6.tgz",
      "integrity": "sha512-1h/Lnq9yajKY2PEbBadPXj3VxsDDu844OnaAo52UVmIzIvwwtBPIuNvkjuzBlTWpfJyUbG3ez0KSBibQkj4ojg==",
      "dev": true
    },
    "wget-improved-2": {
      "version": "3.3.0",
      "resolved": "https://registry.npmjs.org/wget-improved-2/-/wget-improved-2-3.3.0.tgz",
      "integrity": "sha512-NSPde/8mUqgmznPhO7oB5gS8IVUlR7GOlY857IaAf3PkkHbx/6FwZxUhW+GRP1GQbZDnCMF5fPieWXFng8Z43A==",
      "dev": true,
      "requires": {
        "minimist": "1.2.6",
        "tunnel": "0.0.6"
      }
    }
  }
}
